
Microsoft Visual Studio Solution File, Format Version 12.00
# Visual Studio 14
VisualStudioVersion = 14.0.24720.0
MinimumVisualStudioVersion = 10.0.40219.1
Project("{2150E333-8FDC-42A3-9474-1A3956D46DE8}") = "0 - Presentation", "0 - Presentation", "{06F8C6DA-00DA-4333-8992-7492F230BC27}"
EndProject
Project("{FAE04EC0-301F-11D3-BF4B-00C04F79EFBC}") = "CursoMVCAbril.UI.MVC", "src\CursoMVCAbril.UI.MVC\CursoMVCAbril.UI.MVC.csproj", "{2A70F246-93CE-4AC2-A56F-5822A15D0FAA}"
EndProject
Project("{2150E333-8FDC-42A3-9474-1A3956D46DE8}") = "1 - Services", "1 - Services", "{762BA465-A952-4F23-9C1E-D714BF370E5C}"
EndProject
Project("{2150E333-8FDC-42A3-9474-1A3956D46DE8}") = "2 - Application", "2 - Application", "{0AA0ADD3-FE7E-4347-AD30-F71FD658AB02}"
EndProject
Project("{2150E333-8FDC-42A3-9474-1A3956D46DE8}") = "3 - Domain", "3 - Domain", "{83621172-3AC9-423B-9D43-262128BBBDBC}"
EndProject
Project("{2150E333-8FDC-42A3-9474-1A3956D46DE8}") = "4 - Infra", "4 - Infra", "{796F6B23-5EF4-4A77-86A8-CD5D920D7B6B}"
EndProject
Project("{2150E333-8FDC-42A3-9474-1A3956D46DE8}") = "4.1 - Data", "4.1 - Data", "{A4ED34E4-2517-45F4-9319-17AB0329561C}"
EndProject
Project("{2150E333-8FDC-42A3-9474-1A3956D46DE8}") = "4.2 - CrossCutting", "4.2 - CrossCutting", "{EAE9FED4-E9CB-4506-9996-84E29DAC6AEA}"
EndProject
Project("{FAE04EC0-301F-11D3-BF4B-00C04F79EFBC}") = "CursoMVCAbril.Domain", "src\CursoMVCAbril.Domain\CursoMVCAbril.Domain.csproj", "{E9589959-92AD-4A4F-95E0-329F718D0633}"
EndProject
Project("{FAE04EC0-301F-11D3-BF4B-00C04F79EFBC}") = "CursoMVCAbril.Infra.Data", "src\CursoMVCAbril.Infra.Data\CursoMVCAbril.Infra.Data.csproj", "{DB1AB08A-2DD6-43FE-AF55-9E7BDD969BE9}"
EndProject
Project("{FAE04EC0-301F-11D3-BF4B-00C04F79EFBC}") = "CursoMVCAbril.Application", "src\CursoMVCAbril.Application\CursoMVCAbril.Application.csproj", "{BA1EBE36-584C-4EE4-A34A-FFAFFDEE19E5}"
EndProject
Project("{FAE04EC0-301F-11D3-BF4B-00C04F79EFBC}") = "CursoMVCAbril.Infra.CrossCutting.MvcFilters", "src\CursoMVCAbril.Infra.CrossCutting.MvcFilters\CursoMVCAbril.Infra.CrossCutting.MvcFilters.csproj", "{156F68CE-934E-4168-8A7C-C26195B58DB1}"
EndProject
Project("{FAE04EC0-301F-11D3-BF4B-00C04F79EFBC}") = "CursoMVCAbril.Services.WebAPI", "src\CursoMVCAbril.Services.WebAPI\CursoMVCAbril.Services.WebAPI.csproj", "{15730D83-7E3B-4CD3-A08D-A41C21E5A18B}"
EndProject
Project("{FAE04EC0-301F-11D3-BF4B-00C04F79EFBC}") = "CursoMVCAbril.Infra.CrossCutting.IoC", "src\CursoMVCAbril.Infra.CrossCutting.IoC\CursoMVCAbril.Infra.CrossCutting.IoC.csproj", "{0489C6A9-404D-423E-8098-B22FB668F813}"
EndProject
Global
	GlobalSection(SolutionConfigurationPlatforms) = preSolution
		Debug|Any CPU = Debug|Any CPU
		Release|Any CPU = Release|Any CPU
	EndGlobalSection
	GlobalSection(ProjectConfigurationPlatforms) = postSolution
		{2A70F246-93CE-4AC2-A56F-5822A15D0FAA}.Debug|Any CPU.ActiveCfg = Debug|Any CPU
		{2A70F246-93CE-4AC2-A56F-5822A15D0FAA}.Debug|Any CPU.Build.0 = Debug|Any CPU
		{2A70F246-93CE-4AC2-A56F-5822A15D0FAA}.Release|Any CPU.ActiveCfg = Release|Any CPU
		{2A70F246-93CE-4AC2-A56F-5822A15D0FAA}.Release|Any CPU.Build.0 = Release|Any CPU
		{E9589959-92AD-4A4F-95E0-329F718D0633}.Debug|Any CPU.ActiveCfg = Debug|Any CPU
		{E9589959-92AD-4A4F-95E0-329F718D0633}.Debug|Any CPU.Build.0 = Debug|Any CPU
		{E9589959-92AD-4A4F-95E0-329F718D0633}.Release|Any CPU.ActiveCfg = Release|Any CPU
		{E9589959-92AD-4A4F-95E0-329F718D0633}.Release|Any CPU.Build.0 = Release|Any CPU
		{DB1AB08A-2DD6-43FE-AF55-9E7BDD969BE9}.Debug|Any CPU.ActiveCfg = Debug|Any CPU
		{DB1AB08A-2DD6-43FE-AF55-9E7BDD969BE9}.Debug|Any CPU.Build.0 = Debug|Any CPU
		{DB1AB08A-2DD6-43FE-AF55-9E7BDD969BE9}.Release|Any CPU.ActiveCfg = Release|Any CPU
		{DB1AB08A-2DD6-43FE-AF55-9E7BDD969BE9}.Release|Any CPU.Build.0 = Release|Any CPU
		{BA1EBE36-584C-4EE4-A34A-FFAFFDEE19E5}.Debug|Any CPU.ActiveCfg = Debug|Any CPU
		{BA1EBE36-584C-4EE4-A34A-FFAFFDEE19E5}.Debug|Any CPU.Build.0 = Debug|Any CPU
		{BA1EBE36-584C-4EE4-A34A-FFAFFDEE19E5}.Release|Any CPU.ActiveCfg = Release|Any CPU
		{BA1EBE36-584C-4EE4-A34A-FFAFFDEE19E5}.Release|Any CPU.Build.0 = Release|Any CPU
		{156F68CE-934E-4168-8A7C-C26195B58DB1}.Debug|Any CPU.ActiveCfg = Debug|Any CPU
		{156F68CE-934E-4168-8A7C-C26195B58DB1}.Debug|Any CPU.Build.0 = Debug|Any CPU
		{156F68CE-934E-4168-8A7C-C26195B58DB1}.Release|Any CPU.ActiveCfg = Release|Any CPU
		{156F68CE-934E-4168-8A7C-C26195B58DB1}.Release|Any CPU.Build.0 = Release|Any CPU
		{15730D83-7E3B-4CD3-A08D-A41C21E5A18B}.Debug|Any CPU.ActiveCfg = Debug|Any CPU
		{15730D83-7E3B-4CD3-A08D-A41C21E5A18B}.Debug|Any CPU.Build.0 = Debug|Any CPU
		{15730D83-7E3B-4CD3-A08D-A41C21E5A18B}.Release|Any CPU.ActiveCfg = Release|Any CPU
		{15730D83-7E3B-4CD3-A08D-A41C21E5A18B}.Release|Any CPU.Build.0 = Release|Any CPU
		{0489C6A9-404D-423E-8098-B22FB668F813}.Debug|Any CPU.ActiveCfg = Debug|Any CPU
		{0489C6A9-404D-423E-8098-B22FB668F813}.Debug|Any CPU.Build.0 = Debug|Any CPU
		{0489C6A9-404D-423E-8098-B22FB668F813}.Release|Any CPU.ActiveCfg = Release|Any CPU
		{0489C6A9-404D-423E-8098-B22FB668F813}.Release|Any CPU.Build.0 = Release|Any CPU
	EndGlobalSection
	GlobalSection(SolutionProperties) = preSolution
		HideSolutionNode = FALSE
	EndGlobalSection
	GlobalSection(NestedProjects) = preSolution
		{2A70F246-93CE-4AC2-A56F-5822A15D0FAA} = {06F8C6DA-00DA-4333-8992-7492F230BC27}
		{A4ED34E4-2517-45F4-9319-17AB0329561C} = {796F6B23-5EF4-4A77-86A8-CD5D920D7B6B}
		{EAE9FED4-E9CB-4506-9996-84E29DAC6AEA} = {796F6B23-5EF4-4A77-86A8-CD5D920D7B6B}
		{E9589959-92AD-4A4F-95E0-329F718D0633} = {83621172-3AC9-423B-9D43-262128BBBDBC}
		{DB1AB08A-2DD6-43FE-AF55-9E7BDD969BE9} = {A4ED34E4-2517-45F4-9319-17AB0329561C}
		{BA1EBE36-584C-4EE4-A34A-FFAFFDEE19E5} = {0AA0ADD3-FE7E-4347-AD30-F71FD658AB02}
		{156F68CE-934E-4168-8A7C-C26195B58DB1} = {EAE9FED4-E9CB-4506-9996-84E29DAC6AEA}
		{15730D83-7E3B-4CD3-A08D-A41C21E5A18B} = {762BA465-A952-4F23-9C1E-D714BF370E5C}
		{0489C6A9-404D-423E-8098-B22FB668F813} = {EAE9FED4-E9CB-4506-9996-84E29DAC6AEA}
	EndGlobalSection
EndGlobal
